{
  "name": "color-rgba",
  "version": "2.3.0",
  "lockfileVersion": 1,
  "requires": true,
  "dependencies": {
    "color-name": {
      "version": "1.1.4",
      "resolved": "https://registry.npmjs.org/color-name/-/color-name-1.1.4.tgz",
      "integrity": "sha512-dOy+3AuW3a2wNbZHIuMZpTcgjGuLU/uBL/ubcZF9OXbDo8ff4O8yVp5Bf0efS8uEoYo5q4Fx7dY9OgQGXgAsQA=="
    },
    "color-parse": {
      "version": "1.4.2",
      "resolved": "https://registry.npmjs.org/color-parse/-/color-parse-1.4.2.tgz",
      "integrity": "sha512-RI7s49/8yqDj3fECFZjUI1Yi0z/Gq1py43oNJivAIIDSyJiOZLfYCRQEgn8HEVAj++PcRe8AnL2XF0fRJ3BTnA==",
      "requires": {
        "color-name": "^1.0.0"
      }
    },
    "color-space": {
      "version": "2.0.0",
      "resolved": "https://registry.npmjs.org/color-space/-/color-space-2.0.0.tgz",
      "integrity": "sha512-Bu8P/usGNuVWushjxcuaGSkhT+L2KX0cvgMGMTF0KJ7lFeqonhsntT68d6Yu3uwZzCmbF7KTB9EV67AGcUXhJw=="
    }
  }
}
